
Microsoft Visual Studio Solution File, Format Version 12.00
# Visual Studio Version 16
VisualStudioVersion = 16.0.29326.143
MinimumVisualStudioVersion = 10.0.40219.1
Project("{FAE04EC0-301F-11D3-BF4B-00C04F79EFBC}") = "Himzo.Web", "Himzo.Web\Himzo.Web.csproj", "{29438C46-3F4C-4949-8EA7-09618913A187}"
EndProject
Global
	GlobalSection(SolutionConfigurationPlatforms) = preSolution
		Debug|Any CPU = Debug|Any CPU
		Release|Any CPU = Release|Any CPU
	EndGlobalSection
	GlobalSection(ProjectConfigurationPlatforms) = postSolution
		{29438C46-3F4C-4949-8EA7-09618913A187}.Debug|Any CPU.ActiveCfg = Debug|Any CPU
		{29438C46-3F4C-4949-8EA7-09618913A187}.Debug|Any CPU.Build.0 = Debug|Any CPU
		{29438C46-3F4C-4949-8EA7-09618913A187}.Release|Any CPU.ActiveCfg = Release|Any CPU
		{29438C46-3F4C-4949-8EA7-09618913A187}.Release|Any CPU.Build.0 = Release|Any CPU
	EndGlobalSection
	GlobalSection(SolutionProperties) = preSolution
		HideSolutionNode = FALSE
	EndGlobalSection
	GlobalSection(ExtensibilityGlobals) = postSolution
		SolutionGuid = {B921B550-57F3-46E4-8C09-B456C3CC9CE1}
	EndGlobalSection
EndGlobal
